
Microsoft Visual Studio Solution File, Format Version 12.00
# Visual Studio Version 17
VisualStudioVersion = 17.7.34202.233
MinimumVisualStudioVersion = 10.0.40219.1
Project("{8BC9CEB8-8B4A-11D0-8D11-00A0C91BC942}") = "SystemThreadTest", "SystemThreadTest\SystemThreadTest.vcxproj", "{34DA31C9-C3F6-45E8-B5EB-6C0BEC6243E4}"
EndProject
Project("{8BC9CEB8-8B4A-11D0-8D11-00A0C91BC942}") = "UserModeCaller", "UserModeCaller\UserModeCaller.vcxproj", "{1996E7B7-ACFC-4580-A176-B8260A004F24}"
EndProject
Global
	GlobalSection(SolutionConfigurationPlatforms) = preSolution
		Debug|ARM64 = Debug|ARM64
		Debug|x64 = Debug|x64
		Debug|x86 = Debug|x86
		Release|ARM64 = Release|ARM64
		Release|x64 = Release|x64
		Release|x86 = Release|x86
	EndGlobalSection
	GlobalSection(ProjectConfigurationPlatforms) = postSolution
		{34DA31C9-C3F6-45E8-B5EB-6C0BEC6243E4}.Debug|ARM64.ActiveCfg = Debug|ARM64
		{34DA31C9-C3F6-45E8-B5EB-6C0BEC6243E4}.Debug|ARM64.Build.0 = Debug|ARM64
		{34DA31C9-C3F6-45E8-B5EB-6C0BEC6243E4}.Debug|ARM64.Deploy.0 = Debug|ARM64
		{34DA31C9-C3F6-45E8-B5EB-6C0BEC6243E4}.Debug|x64.ActiveCfg = Debug|x64
		{34DA31C9-C3F6-45E8-B5EB-6C0BEC6243E4}.Debug|x64.Build.0 = Debug|x64
		{34DA31C9-C3F6-45E8-B5EB-6C0BEC6243E4}.Debug|x64.Deploy.0 = Debug|x64
		{34DA31C9-C3F6-45E8-B5EB-6C0BEC6243E4}.Debug|x86.ActiveCfg = Debug|x64
		{34DA31C9-C3F6-45E8-B5EB-6C0BEC6243E4}.Debug|x86.Build.0 = Debug|x64
		{34DA31C9-C3F6-45E8-B5EB-6C0BEC6243E4}.Debug|x86.Deploy.0 = Debug|x64
		{34DA31C9-C3F6-45E8-B5EB-6C0BEC6243E4}.Release|ARM64.ActiveCfg = Release|ARM64
		{34DA31C9-C3F6-45E8-B5EB-6C0BEC6243E4}.Release|ARM64.Build.0 = Release|ARM64
		{34DA31C9-C3F6-45E8-B5EB-6C0BEC6243E4}.Release|ARM64.Deploy.0 = Release|ARM64
		{34DA31C9-C3F6-45E8-B5EB-6C0BEC6243E4}.Release|x64.ActiveCfg = Release|x64
		{34DA31C9-C3F6-45E8-B5EB-6C0BEC6243E4}.Release|x64.Build.0 = Release|x64
		{34DA31C9-C3F6-45E8-B5EB-6C0BEC6243E4}.Release|x64.Deploy.0 = Release|x64
		{34DA31C9-C3F6-45E8-B5EB-6C0BEC6243E4}.Release|x86.ActiveCfg = Release|x64
		{34DA31C9-C3F6-45E8-B5EB-6C0BEC6243E4}.Release|x86.Build.0 = Release|x64
		{34DA31C9-C3F6-45E8-B5EB-6C0BEC6243E4}.Release|x86.Deploy.0 = Release|x64
		{1996E7B7-ACFC-4580-A176-B8260A004F24}.Debug|ARM64.ActiveCfg = Debug|x64
		{1996E7B7-ACFC-4580-A176-B8260A004F24}.Debug|ARM64.Build.0 = Debug|x64
		{1996E7B7-ACFC-4580-A176-B8260A004F24}.Debug|x64.ActiveCfg = Debug|x64
		{1996E7B7-ACFC-4580-A176-B8260A004F24}.Debug|x64.Build.0 = Debug|x64
		{1996E7B7-ACFC-4580-A176-B8260A004F24}.Debug|x86.ActiveCfg = Debug|Win32
		{1996E7B7-ACFC-4580-A176-B8260A004F24}.Debug|x86.Build.0 = Debug|Win32
		{1996E7B7-ACFC-4580-A176-B8260A004F24}.Release|ARM64.ActiveCfg = Release|x64
		{1996E7B7-ACFC-4580-A176-B8260A004F24}.Release|ARM64.Build.0 = Release|x64
		{1996E7B7-ACFC-4580-A176-B8260A004F24}.Release|x64.ActiveCfg = Release|x64
		{1996E7B7-ACFC-4580-A176-B8260A004F24}.Release|x64.Build.0 = Release|x64
		{1996E7B7-ACFC-4580-A176-B8260A004F24}.Release|x86.ActiveCfg = Release|Win32
		{1996E7B7-ACFC-4580-A176-B8260A004F24}.Release|x86.Build.0 = Release|Win32
	EndGlobalSection
	GlobalSection(SolutionProperties) = preSolution
		HideSolutionNode = FALSE
	EndGlobalSection
	GlobalSection(ExtensibilityGlobals) = postSolution
		SolutionGuid = {9D65C38C-4A6C-4825-BDE8-A91F832ADF39}
	EndGlobalSection
EndGlobal
